// !$*UTF8*$!
{
	archiveVersion = 1;
	classes = {
	};
	objectVersion = 50;
	objects = {

/* Begin PBXBuildFile section */
		472B062B20ECF750004D09CA /* AppDelegate.m in Sources */ = {isa = PBXBuildFile; fileRef = 472B062A20ECF750004D09CA /* AppDelegate.m */; };
		472B062E20ECF750004D09CA /* ViewController.m in Sources */ = {isa = PBXBuildFile; fileRef = 472B062D20ECF750004D09CA /* ViewController.m */; };
		472B063120ECF750004D09CA /* Main.storyboard in Resources */ = {isa = PBXBuildFile; fileRef = 472B062F20ECF750004D09CA /* Main.storyboard */; };
		472B063320ECF752004D09CA /* Assets.xcassets in Resources */ = {isa = PBXBuildFile; fileRef = 472B063220ECF752004D09CA /* Assets.xcassets */; };
		472B063620ECF752004D09CA /* LaunchScreen.storyboard in Resources */ = {isa = PBXBuildFile; fileRef = 472B063420ECF752004D09CA /* LaunchScreen.storyboard */; };
		472B063920ECF752004D09CA /* main.m in Sources */ = {isa = PBXBuildFile; fileRef = 472B063820ECF752004D09CA /* main.m */; };
		472B064120ECFA5C004D09CA /* MagicViewController.m in Sources */ = {isa = PBXBuildFile; fileRef = 472B064020ECFA5C004D09CA /* MagicViewController.m */; };
		472B064520ECFBBB004D09CA /* LevelTableViewCell.m in Sources */ = {isa = PBXBuildFile; fileRef = 472B064320ECFBBB004D09CA /* LevelTableViewCell.m */; };
		472B064620ECFBBB004D09CA /* LevelTableViewCell.xib in Resources */ = {isa = PBXBuildFile; fileRef = 472B064420ECFBBB004D09CA /* LevelTableViewCell.xib */; };
		472B065020ED01C6004D09CA /* ElementTableViewCell.m in Sources */ = {isa = PBXBuildFile; fileRef = 472B064E20ED01C6004D09CA /* ElementTableViewCell.m */; };
		472B065120ED01C6004D09CA /* ElementTableViewCell.xib in Resources */ = {isa = PBXBuildFile; fileRef = 472B064F20ED01C6004D09CA /* ElementTableViewCell.xib */; };
		472B065520ED1373004D09CA /* Level.m in Sources */ = {isa = PBXBuildFile; fileRef = 472B065420ED1373004D09CA /* Level.m */; };
		472B065820ED1898004D09CA /* Client.m in Sources */ = {isa = PBXBuildFile; fileRef = 472B065720ED1898004D09CA /* Client.m */; };
		472B065B20ED1B08004D09CA /* EMail.m in Sources */ = {isa = PBXBuildFile; fileRef = 472B065A20ED1B08004D09CA /* EMail.m */; };
		47D78D9F20ED251700C64084 /* Element.m in Sources */ = {isa = PBXBuildFile; fileRef = 47D78D9E20ED251700C64084 /* Element.m */; };
		47D78DA220EE1D0500C64084 /* SelfNavigableTableViewProxy.m in Sources */ = {isa = PBXBuildFile; fileRef = 47D78DA120EE1D0500C64084 /* SelfNavigableTableViewProxy.m */; };
		47D78DA520EE1F9C00C64084 /* TRAViewController.m in Sources */ = {isa = PBXBuildFile; fileRef = 47D78DA420EE1F9C00C64084 /* TRAViewController.m */; };
/* End PBXBuildFile section */

/* Begin PBXFileReference section */
		472B062620ECF750004D09CA /* AdditionalTable.app */ = {isa = PBXFileReference; explicitFileType = wrapper.application; includeInIndex = 0; path = AdditionalTable.app; sourceTree = BUILT_PRODUCTS_DIR; };
		472B062920ECF750004D09CA /* AppDelegate.h */ = {isa = PBXFileReference; lastKnownFileType = sourcecode.c.h; path = AppDelegate.h; sourceTree = "<group>"; };
		472B062A20ECF750004D09CA /* AppDelegate.m */ = {isa = PBXFileReference; lastKnownFileType = sourcecode.c.objc; path = AppDelegate.m; sourceTree = "<group>"; };
		472B062C20ECF750004D09CA /* ViewController.h */ = {isa = PBXFileReference; lastKnownFileType = sourcecode.c.h; path = ViewController.h; sourceTree = "<group>"; };
		472B062D20ECF750004D09CA /* ViewController.m */ = {isa = PBXFileReference; lastKnownFileType = sourcecode.c.objc; path = ViewController.m; sourceTree = "<group>"; };
		472B063020ECF750004D09CA /* Base */ = {isa = PBXFileReference; lastKnownFileType = file.storyboard; name = Base; path = Base.lproj/Main.storyboard; sourceTree = "<group>"; };
		472B063220ECF752004D09CA /* Assets.xcassets */ = {isa = PBXFileReference; lastKnownFileType = folder.assetcatalog; path = Assets.xcassets; sourceTree = "<group>"; };
		472B063520ECF752004D09CA /* Base */ = {isa = PBXFileReference; lastKnownFileType = file.storyboard; name = Base; path = Base.lproj/LaunchScreen.storyboard; sourceTree = "<group>"; };
		472B063720ECF752004D09CA /* Info.plist */ = {isa = PBXFileReference; lastKnownFileType = text.plist.xml; path = Info.plist; sourceTree = "<group>"; };
		472B063820ECF752004D09CA /* main.m */ = {isa = PBXFileReference; lastKnownFileType = sourcecode.c.objc; path = main.m; sourceTree = "<group>"; };
		472B063F20ECFA5C004D09CA /* MagicViewController.h */ = {isa = PBXFileReference; lastKnownFileType = sourcecode.c.h; path = MagicViewController.h; sourceTree = "<group>"; };
		472B064020ECFA5C004D09CA /* MagicViewController.m */ = {isa = PBXFileReference; lastKnownFileType = sourcecode.c.objc; path = MagicViewController.m; sourceTree = "<group>"; };
		472B064220ECFBBB004D09CA /* LevelTableViewCell.h */ = {isa = PBXFileReference; lastKnownFileType = sourcecode.c.h; path = LevelTableViewCell.h; sourceTree = "<group>"; };
		472B064320ECFBBB004D09CA /* LevelTableViewCell.m */ = {isa = PBXFileReference; lastKnownFileType = sourcecode.c.objc; path = LevelTableViewCell.m; sourceTree = "<group>"; };
		472B064420ECFBBB004D09CA /* LevelTableViewCell.xib */ = {isa = PBXFileReference; lastKnownFileType = file.xib; path = LevelTableViewCell.xib; sourceTree = "<group>"; };
		472B064D20ED01C6004D09CA /* ElementTableViewCell.h */ = {isa = PBXFileReference; lastKnownFileType = sourcecode.c.h; path = ElementTableViewCell.h; sourceTree = "<group>"; };
		472B064E20ED01C6004D09CA /* ElementTableViewCell.m */ = {isa = PBXFileReference; lastKnownFileType = sourcecode.c.objc; path = ElementTableViewCell.m; sourceTree = "<group>"; };
		472B064F20ED01C6004D09CA /* ElementTableViewCell.xib */ = {isa = PBXFileReference; lastKnownFileType = file.xib; path = ElementTableViewCell.xib; sourceTree = "<group>"; };
		472B065220ED122C004D09CA /* TitleProvider.h */ = {isa = PBXFileReference; lastKnownFileType = sourcecode.c.h; path = TitleProvider.h; sourceTree = "<group>"; };
		472B065320ED1373004D09CA /* Level.h */ = {isa = PBXFileReference; lastKnownFileType = sourcecode.c.h; path = Level.h; sourceTree = "<group>"; };
		472B065420ED1373004D09CA /* Level.m */ = {isa = PBXFileReference; lastKnownFileType = sourcecode.c.objc; path = Level.m; sourceTree = "<group>"; };
		472B065620ED1898004D09CA /* Client.h */ = {isa = PBXFileReference; lastKnownFileType = sourcecode.c.h; path = Client.h; sourceTree = "<group>"; };
		472B065720ED1898004D09CA /* Client.m */ = {isa = PBXFileReference; lastKnownFileType = sourcecode.c.objc; path = Client.m; sourceTree = "<group>"; };
		472B065920ED1B08004D09CA /* EMail.h */ = {isa = PBXFileReference; lastKnownFileType = sourcecode.c.h; path = EMail.h; sourceTree = "<group>"; };
		472B065A20ED1B08004D09CA /* EMail.m */ = {isa = PBXFileReference; lastKnownFileType = sourcecode.c.objc; path = EMail.m; sourceTree = "<group>"; };
		47D78D9D20ED251700C64084 /* Element.h */ = {isa = PBXFileReference; lastKnownFileType = sourcecode.c.h; path = Element.h; sourceTree = "<group>"; };
		47D78D9E20ED251700C64084 /* Element.m */ = {isa = PBXFileReference; lastKnownFileType = sourcecode.c.objc; path = Element.m; sourceTree = "<group>"; };
		47D78DA020EE1D0500C64084 /* SelfNavigableTableViewProxy.h */ = {isa = PBXFileReference; lastKnownFileType = sourcecode.c.h; path = SelfNavigableTableViewProxy.h; sourceTree = "<group>"; };
		47D78DA120EE1D0500C64084 /* SelfNavigableTableViewProxy.m */ = {isa = PBXFileReference; lastKnownFileType = sourcecode.c.objc; path = SelfNavigableTableViewProxy.m; sourceTree = "<group>"; };
		47D78DA320EE1F9C00C64084 /* TRAViewController.h */ = {isa = PBXFileReference; lastKnownFileType = sourcecode.c.h; path = TRAViewController.h; sourceTree = "<group>"; };
		47D78DA420EE1F9C00C64084 /* TRAViewController.m */ = {isa = PBXFileReference; lastKnownFileType = sourcecode.c.objc; path = TRAViewController.m; sourceTree = "<group>"; };
/* End PBXFileReference section */

/* Begin PBXFrameworksBuildPhase section */
		472B062320ECF750004D09CA /* Frameworks */ = {
			isa = PBXFrameworksBuildPhase;
			buildActionMask = 2147483647;
			files = (
			);
			runOnlyForDeploymentPostprocessing = 0;
		};
/* End PBXFrameworksBuildPhase section */

/* Begin PBXGroup section */
		472B061D20ECF750004D09CA = {
			isa = PBXGroup;
			children = (
				472B062820ECF750004D09CA /* AdditionalTable */,
				472B062720ECF750004D09CA /* Products */,
			);
			sourceTree = "<group>";
		};
		472B062720ECF750004D09CA /* Products */ = {
			isa = PBXGroup;
			children = (
				472B062620ECF750004D09CA /* AdditionalTable.app */,
			);
			name = Products;
			sourceTree = "<group>";
		};
		472B062820ECF750004D09CA /* AdditionalTable */ = {
			isa = PBXGroup;
			children = (
				472B062920ECF750004D09CA /* AppDelegate.h */,
				472B062A20ECF750004D09CA /* AppDelegate.m */,
				472B062C20ECF750004D09CA /* ViewController.h */,
				472B062D20ECF750004D09CA /* ViewController.m */,
				472B063F20ECFA5C004D09CA /* MagicViewController.h */,
				472B064020ECFA5C004D09CA /* MagicViewController.m */,
				47D78DA320EE1F9C00C64084 /* TRAViewController.h */,
				47D78DA420EE1F9C00C64084 /* TRAViewController.m */,
				472B062F20ECF750004D09CA /* Main.storyboard */,
				472B063220ECF752004D09CA /* Assets.xcassets */,
				472B063420ECF752004D09CA /* LaunchScreen.storyboard */,
				472B063720ECF752004D09CA /* Info.plist */,
				472B063820ECF752004D09CA /* main.m */,
				47D78D9C20ED24E700C64084 /* Models */,
				478B780820ED24A3007EBD4B /* Custom Views */,
				472B065C20ED23FC004D09CA /* BusinessModels */,
			);
			path = AdditionalTable;
			sourceTree = "<group>";
		};
		472B065C20ED23FC004D09CA /* BusinessModels */ = {
			isa = PBXGroup;
			children = (
				472B065620ED1898004D09CA /* Client.h */,
				472B065720ED1898004D09CA /* Client.m */,
				472B065920ED1B08004D09CA /* EMail.h */,
				472B065A20ED1B08004D09CA /* EMail.m */,
			);
			name = BusinessModels;
			sourceTree = "<group>";
		};
		478B780820ED24A3007EBD4B /* Custom Views */ = {
			isa = PBXGroup;
			children = (
				472B064220ECFBBB004D09CA /* LevelTableViewCell.h */,
				472B064320ECFBBB004D09CA /* LevelTableViewCell.m */,
				472B064420ECFBBB004D09CA /* LevelTableViewCell.xib */,
				472B064D20ED01C6004D09CA /* ElementTableViewCell.h */,
				472B064E20ED01C6004D09CA /* ElementTableViewCell.m */,
				472B064F20ED01C6004D09CA /* ElementTableViewCell.xib */,
			);
			name = "Custom Views";
			sourceTree = "<group>";
		};
		47D78D9C20ED24E700C64084 /* Models */ = {
			isa = PBXGroup;
			children = (
				472B065220ED122C004D09CA /* TitleProvider.h */,
				472B065320ED1373004D09CA /* Level.h */,
				472B065420ED1373004D09CA /* Level.m */,
				47D78D9D20ED251700C64084 /* Element.h */,
				47D78D9E20ED251700C64084 /* Element.m */,
				47D78DA020EE1D0500C64084 /* SelfNavigableTableViewProxy.h */,
				47D78DA120EE1D0500C64084 /* SelfNavigableTableViewProxy.m */,
			);
			name = Models;
			sourceTree = "<group>";
		};
/* End PBXGroup section */

/* Begin PBXNativeTarget section */
		472B062520ECF750004D09CA /* AdditionalTable */ = {
			isa = PBXNativeTarget;
			buildConfigurationList = 472B063C20ECF752004D09CA /* Build configuration list for PBXNativeTarget "AdditionalTable" */;
			buildPhases = (
				472B062220ECF750004D09CA /* Sources */,
				472B062320ECF750004D09CA /* Frameworks */,
				472B062420ECF750004D09CA /* Resources */,
			);
			buildRules = (
			);
			dependencies = (
			);
			name = AdditionalTable;
			productName = AdditionalTable;
			productReference = 472B062620ECF750004D09CA /* AdditionalTable.app */;
			productType = "com.apple.product-type.application";
		};
/* End PBXNativeTarget section */

/* Begin PBXProject section */
		472B061E20ECF750004D09CA /* Project object */ = {
			isa = PBXProject;
			attributes = {
				LastUpgradeCheck = 0940;
				ORGANIZATIONNAME = "Serhii K";
				TargetAttributes = {
					472B062520ECF750004D09CA = {
						CreatedOnToolsVersion = 9.4.1;
					};
				};
			};
			buildConfigurationList = 472B062120ECF750004D09CA /* Build configuration list for PBXProject "AdditionalTable" */;
			compatibilityVersion = "Xcode 9.3";
			developmentRegion = en;
			hasScannedForEncodings = 0;
			knownRegions = (
				en,
				Base,
			);
			mainGroup = 472B061D20ECF750004D09CA;
			productRefGroup = 472B062720ECF750004D09CA /* Products */;
			projectDirPath = "";
			projectRoot = "";
			targets = (
				472B062520ECF750004D09CA /* AdditionalTable */,
			);
		};
/* End PBXProject section */

/* Begin PBXResourcesBuildPhase section */
		472B062420ECF750004D09CA /* Resources */ = {
			isa = PBXResourcesBuildPhase;
			buildActionMask = 2147483647;
			files = (
				472B063620ECF752004D09CA /* LaunchScreen.storyboard in Resources */,
				472B065120ED01C6004D09CA /* ElementTableViewCell.xib in Resources */,
				472B063320ECF752004D09CA /* Assets.xcassets in Resources */,
				472B064620ECFBBB004D09CA /* LevelTableViewCell.xib in Resources */,
				472B063120ECF750004D09CA /* Main.storyboard in Resources */,
			);
			runOnlyForDeploymentPostprocessing = 0;
		};
/* End PBXResourcesBuildPhase section */

/* Begin PBXSourcesBuildPhase section */
		472B062220ECF750004D09CA /* Sources */ = {
			isa = PBXSourcesBuildPhase;
			buildActionMask = 2147483647;
			files = (
				472B065020ED01C6004D09CA /* ElementTableViewCell.m in Sources */,
				472B064120ECFA5C004D09CA /* MagicViewController.m in Sources */,
				47D78D9F20ED251700C64084 /* Element.m in Sources */,
				472B065820ED1898004D09CA /* Client.m in Sources */,
				47D78DA520EE1F9C00C64084 /* TRAViewController.m in Sources */,
				47D78DA220EE1D0500C64084 /* SelfNavigableTableViewProxy.m in Sources */,
				472B062E20ECF750004D09CA /* ViewController.m in Sources */,
				472B063920ECF752004D09CA /* main.m in Sources */,
				472B064520ECFBBB004D09CA /* LevelTableViewCell.m in Sources */,
				472B065B20ED1B08004D09CA /* EMail.m in Sources */,
				472B065520ED1373004D09CA /* Level.m in Sources */,
				472B062B20ECF750004D09CA /* AppDelegate.m in Sources */,
			);
			runOnlyForDeploymentPostprocessing = 0;
		};
/* End PBXSourcesBuildPhase section */

/* Begin PBXVariantGroup section */
		472B062F20ECF750004D09CA /* Main.storyboard */ = {
			isa = PBXVariantGroup;
			children = (
				472B063020ECF750004D09CA /* Base */,
			);
			name = Main.storyboard;
			sourceTree = "<group>";
		};
		472B063420ECF752004D09CA /* LaunchScreen.storyboard */ = {
			isa = PBXVariantGroup;
			children = (
				472B063520ECF752004D09CA /* Base */,
			);
			name = LaunchScreen.storyboard;
			sourceTree = "<group>";
		};
/* End PBXVariantGroup section */

/* Begin XCBuildConfiguration section */
		472B063A20ECF752004D09CA /* Debug */ = {
			isa = XCBuildConfiguration;
			buildSettings = {
				ALWAYS_SEARCH_USER_PATHS = NO;
				CLANG_ANALYZER_NONNULL = YES;
				CLANG_ANALYZER_NUMBER_OBJECT_CONVERSION = YES_AGGRESSIVE;
				CLANG_CXX_LANGUAGE_STANDARD = "gnu++14";
				CLANG_CXX_LIBRARY = "libc++";
				CLANG_ENABLE_MODULES = YES;
				CLANG_ENABLE_OBJC_ARC = YES;
				CLANG_ENABLE_OBJC_WEAK = YES;
				CLANG_WARN_BLOCK_CAPTURE_AUTORELEASING = YES;
				CLANG_WARN_BOOL_CONVERSION = YES;
				CLANG_WARN_COMMA = YES;
				CLANG_WARN_CONSTANT_CONVERSION = YES;
				CLANG_WARN_DEPRECATED_OBJC_IMPLEMENTATIONS = YES;
				CLANG_WARN_DIRECT_OBJC_ISA_USAGE = YES_ERROR;
				CLANG_WARN_DOCUMENTATION_COMMENTS = YES;
				CLANG_WARN_EMPTY_BODY = YES;
				CLANG_WARN_ENUM_CONVERSION = YES;
				CLANG_WARN_INFINITE_RECURSION = YES;
				CLANG_WARN_INT_CONVERSION = YES;
				CLANG_WARN_NON_LITERAL_NULL_CONVERSION = YES;
				CLANG_WARN_OBJC_IMPLICIT_RETAIN_SELF = YES;
				CLANG_WARN_OBJC_LITERAL_CONVERSION = YES;
				CLANG_WARN_OBJC_ROOT_CLASS = YES_ERROR;
				CLANG_WARN_RANGE_LOOP_ANALYSIS = YES;
				CLANG_WARN_STRICT_PROTOTYPES = YES;
				CLANG_WARN_SUSPICIOUS_MOVE = YES;
				CLANG_WARN_UNGUARDED_AVAILABILITY = YES_AGGRESSIVE;
				CLANG_WARN_UNREACHABLE_CODE = YES;
				CLANG_WARN__DUPLICATE_METHOD_MATCH = YES;
				CODE_SIGN_IDENTITY = "iPhone Developer";
				COPY_PHASE_STRIP = NO;
				DEBUG_INFORMATION_FORMAT = dwarf;
				ENABLE_STRICT_OBJC_MSGSEND = YES;
				ENABLE_TESTABILITY = YES;
				GCC_C_LANGUAGE_STANDARD = gnu11;
				GCC_DYNAMIC_NO_PIC = NO;
				GCC_NO_COMMON_BLOCKS = YES;
				GCC_OPTIMIZATION_LEVEL = 0;
				GCC_PREPROCESSOR_DEFINITIONS = (
					"DEBUG=1",
					"$(inherited)",
				);
				GCC_WARN_64_TO_32_BIT_CONVERSION = YES;
				GCC_WARN_ABOUT_RETURN_TYPE = YES_ERROR;
				GCC_WARN_UNDECLARED_SELECTOR = YES;
				GCC_WARN_UNINITIALIZED_AUTOS = YES_AGGRESSIVE;
				GCC_WARN_UNUSED_FUNCTION = YES;
				GCC_WARN_UNUSED_VARIABLE = YES;
				IPHONEOS_DEPLOYMENT_TARGET = 11.4;
				MTL_ENABLE_DEBUG_INFO = YES;
				ONLY_ACTIVE_ARCH = YES;
				SDKROOT = iphoneos;
			};
			name = Debug;
		};
		472B063B20ECF752004D09CA /* Release */ = {
			isa = XCBuildConfiguration;
			buildSettings = {
				ALWAYS_SEARCH_USER_PATHS = NO;
				CLANG_ANALYZER_NONNULL = YES;
				CLANG_ANALYZER_NUMBER_OBJECT_CONVERSION = YES_AGGRESSIVE;
				CLANG_CXX_LANGUAGE_STANDARD = "gnu++14";
				CLANG_CXX_LIBRARY = "libc++";
				CLANG_ENABLE_MODULES = YES;
				CLANG_ENABLE_OBJC_ARC = YES;
				CLANG_ENABLE_OBJC_WEAK = YES;
				CLANG_WARN_BLOCK_CAPTURE_AUTORELEASING = YES;
				CLANG_WARN_BOOL_CONVERSION = YES;
				CLANG_WARN_COMMA = YES;
				CLANG_WARN_CONSTANT_CONVERSION = YES;
				CLANG_WARN_DEPRECATED_OBJC_IMPLEMENTATIONS = YES;
				CLANG_WARN_DIRECT_OBJC_ISA_USAGE = YES_ERROR;
				CLANG_WARN_DOCUMENTATION_COMMENTS = YES;
				CLANG_WARN_EMPTY_BODY = YES;
				CLANG_WARN_ENUM_CONVERSION = YES;
				CLANG_WARN_INFINITE_RECURSION = YES;
				CLANG_WARN_INT_CONVERSION = YES;
				CLANG_WARN_NON_LITERAL_NULL_CONVERSION = YES;
				CLANG_WARN_OBJC_IMPLICIT_RETAIN_SELF = YES;
				CLANG_WARN_OBJC_LITERAL_CONVERSION = YES;
				CLANG_WARN_OBJC_ROOT_CLASS = YES_ERROR;
				CLANG_WARN_RANGE_LOOP_ANALYSIS = YES;
				CLANG_WARN_STRICT_PROTOTYPES = YES;
				CLANG_WARN_SUSPICIOUS_MOVE = YES;
				CLANG_WARN_UNGUARDED_AVAILABILITY = YES_AGGRESSIVE;
				CLANG_WARN_UNREACHABLE_CODE = YES;
				CLANG_WARN__DUPLICATE_METHOD_MATCH = YES;
				CODE_SIGN_IDENTITY = "iPhone Developer";
				COPY_PHASE_STRIP = NO;
				DEBUG_INFORMATION_FORMAT = "dwarf-with-dsym";
				ENABLE_NS_ASSERTIONS = NO;
				ENABLE_STRICT_OBJC_MSGSEND = YES;
				GCC_C_LANGUAGE_STANDARD = gnu11;
				GCC_NO_COMMON_BLOCKS = YES;
				GCC_WARN_64_TO_32_BIT_CONVERSION = YES;
				GCC_WARN_ABOUT_RETURN_TYPE = YES_ERROR;
				GCC_WARN_UNDECLARED_SELECTOR = YES;
				GCC_WARN_UNINITIALIZED_AUTOS = YES_AGGRESSIVE;
				GCC_WARN_UNUSED_FUNCTION = YES;
				GCC_WARN_UNUSED_VARIABLE = YES;
				IPHONEOS_DEPLOYMENT_TARGET = 11.4;
				MTL_ENABLE_DEBUG_INFO = NO;
				SDKROOT = iphoneos;
				VALIDATE_PRODUCT = YES;
			};
			name = Release;
		};
		472B063D20ECF752004D09CA /* Debug */ = {
			isa = XCBuildConfiguration;
			buildSettings = {
				ASSETCATALOG_COMPILER_APPICON_NAME = AppIcon;
				CODE_SIGN_STYLE = Automatic;
				DEVELOPMENT_TEAM = G42Q9LTDRN;
				INFOPLIST_FILE = AdditionalTable/Info.plist;
				IPHONEOS_DEPLOYMENT_TARGET = 9.0;
				LD_RUNPATH_SEARCH_PATHS = (
					"$(inherited)",
					"@executable_path/Frameworks",
				);
				PRODUCT_BUNDLE_IDENTIFIER = com.ident.AdditionalTable;
				PRODUCT_NAME = "$(TARGET_NAME)";
				TARGETED_DEVICE_FAMILY = "1,2";
			};
			name = Debug;
		};
		472B063E20ECF752004D09CA /* Release */ = {
			isa = XCBuildConfiguration;
			buildSettings = {
				ASSETCATALOG_COMPILER_APPICON_NAME = AppIcon;
				CODE_SIGN_STYLE = Automatic;
				DEVELOPMENT_TEAM = G42Q9LTDRN;
				INFOPLIST_FILE = AdditionalTable/Info.plist;
				IPHONEOS_DEPLOYMENT_TARGET = 9.0;
				LD_RUNPATH_SEARCH_PATHS = (
					"$(inherited)",
					"@executable_path/Frameworks",
				);
				PRODUCT_BUNDLE_IDENTIFIER = com.ident.AdditionalTable;
				PRODUCT_NAME = "$(TARGET_NAME)";
				TARGETED_DEVICE_FAMILY = "1,2";
			};
			name = Release;
		};
/* End XCBuildConfiguration section */

/* Begin XCConfigurationList section */
		472B062120ECF750004D09CA /* Build configuration list for PBXProject "AdditionalTable" */ = {
			isa = XCConfigurationList;
			buildConfigurations = (
				472B063A20ECF752004D09CA /* Debug */,
				472B063B20ECF752004D09CA /* Release */,
			);
			defaultConfigurationIsVisible = 0;
			defaultConfigurationName = Release;
		};
		472B063C20ECF752004D09CA /* Build configuration list for PBXNativeTarget "AdditionalTable" */ = {
			isa = XCConfigurationList;
			buildConfigurations = (
				472B063D20ECF752004D09CA /* Debug */,
				472B063E20ECF752004D09CA /* Release */,
			);
			defaultConfigurationIsVisible = 0;
			defaultConfigurationName = Release;
		};
/* End XCConfigurationList section */
	};
	rootObject = 472B061E20ECF750004D09CA /* Project object */;
}
